
Microsoft Visual Studio Solution File, Format Version 12.00
# Visual Studio Version 16
VisualStudioVersion = 16.0.31410.357
MinimumVisualStudioVersion = 10.0.40219.1
Project("{FAE04EC0-301F-11D3-BF4B-00C04F79EFBC}") = "Lab_17", "Lab_17\Lab_17.csproj", "{66CECA9D-C940-45B9-9CE2-25A11B1BEE9B}"
EndProject
Global
	GlobalSection(SolutionConfigurationPlatforms) = preSolution
		Debug|Any CPU = Debug|Any CPU
		Release|Any CPU = Release|Any CPU
	EndGlobalSection
	GlobalSection(ProjectConfigurationPlatforms) = postSolution
		{66CECA9D-C940-45B9-9CE2-25A11B1BEE9B}.Debug|Any CPU.ActiveCfg = Debug|Any CPU
		{66CECA9D-C940-45B9-9CE2-25A11B1BEE9B}.Debug|Any CPU.Build.0 = Debug|Any CPU
		{66CECA9D-C940-45B9-9CE2-25A11B1BEE9B}.Release|Any CPU.ActiveCfg = Release|Any CPU
		{66CECA9D-C940-45B9-9CE2-25A11B1BEE9B}.Release|Any CPU.Build.0 = Release|Any CPU
	EndGlobalSection
	GlobalSection(SolutionProperties) = preSolution
		HideSolutionNode = FALSE
	EndGlobalSection
	GlobalSection(ExtensibilityGlobals) = postSolution
		SolutionGuid = {45B13393-85B6-4061-940F-89F7D13A3D42}
	EndGlobalSection
EndGlobal
