
Microsoft Visual Studio Solution File, Format Version 12.00
# Visual Studio Version 16
VisualStudioVersion = 16.0.31410.357
MinimumVisualStudioVersion = 10.0.40219.1
Project("{FAE04EC0-301F-11D3-BF4B-00C04F79EFBC}") = "Lab_16_1", "Lab_16_1\Lab_16_1.csproj", "{99F7CF48-8F15-4E2E-AB74-48DAE80460A2}"
EndProject
Global
	GlobalSection(SolutionConfigurationPlatforms) = preSolution
		Debug|Any CPU = Debug|Any CPU
		Release|Any CPU = Release|Any CPU
	EndGlobalSection
	GlobalSection(ProjectConfigurationPlatforms) = postSolution
		{99F7CF48-8F15-4E2E-AB74-48DAE80460A2}.Debug|Any CPU.ActiveCfg = Debug|Any CPU
		{99F7CF48-8F15-4E2E-AB74-48DAE80460A2}.Debug|Any CPU.Build.0 = Debug|Any CPU
		{99F7CF48-8F15-4E2E-AB74-48DAE80460A2}.Release|Any CPU.ActiveCfg = Release|Any CPU
		{99F7CF48-8F15-4E2E-AB74-48DAE80460A2}.Release|Any CPU.Build.0 = Release|Any CPU
	EndGlobalSection
	GlobalSection(SolutionProperties) = preSolution
		HideSolutionNode = FALSE
	EndGlobalSection
	GlobalSection(ExtensibilityGlobals) = postSolution
		SolutionGuid = {E1E06368-B8D0-4CB4-8998-43009D1A1DD2}
	EndGlobalSection
EndGlobal
